
Microsoft Visual Studio Solution File, Format Version 12.00
# Visual Studio Version 16
VisualStudioVersion = 16.0.31515.178
MinimumVisualStudioVersion = 10.0.40219.1
Project("{FAE04EC0-301F-11D3-BF4B-00C04F79EFBC}") = "IS4.Auth", "IS4.Auth\IS4.Auth.csproj", "{4C4B3E6B-A7A3-4B28-A4A3-8FDA17B30855}"
EndProject
Project("{FAE04EC0-301F-11D3-BF4B-00C04F79EFBC}") = "IS4.Web", "IS4.Web\IS4.Web.csproj", "{A228D870-43D3-43DB-A5AB-F3A44A474F23}"
EndProject
Global
	GlobalSection(SolutionConfigurationPlatforms) = preSolution
		Debug|Any CPU = Debug|Any CPU
		Release|Any CPU = Release|Any CPU
	EndGlobalSection
	GlobalSection(ProjectConfigurationPlatforms) = postSolution
		{4C4B3E6B-A7A3-4B28-A4A3-8FDA17B30855}.Debug|Any CPU.ActiveCfg = Debug|Any CPU
		{4C4B3E6B-A7A3-4B28-A4A3-8FDA17B30855}.Debug|Any CPU.Build.0 = Debug|Any CPU
		{4C4B3E6B-A7A3-4B28-A4A3-8FDA17B30855}.Release|Any CPU.ActiveCfg = Release|Any CPU
		{4C4B3E6B-A7A3-4B28-A4A3-8FDA17B30855}.Release|Any CPU.Build.0 = Release|Any CPU
		{A228D870-43D3-43DB-A5AB-F3A44A474F23}.Debug|Any CPU.ActiveCfg = Debug|Any CPU
		{A228D870-43D3-43DB-A5AB-F3A44A474F23}.Debug|Any CPU.Build.0 = Debug|Any CPU
		{A228D870-43D3-43DB-A5AB-F3A44A474F23}.Release|Any CPU.ActiveCfg = Release|Any CPU
		{A228D870-43D3-43DB-A5AB-F3A44A474F23}.Release|Any CPU.Build.0 = Release|Any CPU
	EndGlobalSection
	GlobalSection(SolutionProperties) = preSolution
		HideSolutionNode = FALSE
	EndGlobalSection
	GlobalSection(ExtensibilityGlobals) = postSolution
		SolutionGuid = {540112B7-5D82-4CAC-BF32-8D72E9B95C3F}
	EndGlobalSection
EndGlobal
